{
  "version": 4,
  "terraform_version": "1.5.7",
  "serial": 1,
  "lineage": "f6aa39d2-b600-c063-7231-0110fab5bf94",
  "outputs": {},
  "resources": [
    {
      "mode": "managed",
      "type": "local_file",
      "name": "example",
      "provider": "provider[\"registry.terraform.io/hashicorp/local\"]",
      "instances": [
        {
          "schema_version": 0,
          "attributes": {
            "content": "This is a demo file created by Terraform in the dev environment.",
            "content_base64": null,
            "content_base64sha256": "/YTcRCNa6Ibt/nyZzvuM6jP+atU3A4RNVYQVQFl+oTE=",
            "content_base64sha512": "XCIjbMvXQ+moI1Fn+u/FlR4P+akbXb7Z/gjkMCR5lP3sxYbcphbVT81d4aPlQSckOBaaoZJXWALZE4sL0eC6gg==",
            "content_md5": "f7d70f593a404deeee0617277d101636",
            "content_sha1": "86d5af466f9306875abdec3d3260ea438f15a8ed",
            "content_sha256": "fd84dc44235ae886edfe7c99cefb8cea33fe6ad53703844d55841540597ea131",
            "content_sha512": "5c22236ccbd743e9a8235167faefc5951e0ff9a91b5dbed9fe08e430247994fdecc586dca616d54fcd5de1a3e541272438169aa192575802d9138b0bd1e0ba82",
            "directory_permission": "0777",
            "file_permission": "0777",
            "filename": "demo_file.txt",
            "id": "86d5af466f9306875abdec3d3260ea438f15a8ed",
            "sensitive_content": null,
            "source": null
          },
          "sensitive_attributes": []
        }
      ]
    }
  ],
  "check_results": null
}
